
Microsoft Visual Studio Solution File, Format Version 12.00
Project("{2150E333-8FDC-42A3-9474-1A3956D46DE8}") = "src", "src", "{D45B3F55-4C08-4707-9A38-0ED90EAC55EE}"
EndProject
Project("{2150E333-8FDC-42A3-9474-1A3956D46DE8}") = "tests", "tests", "{8096D3B5-5930-4803-BF04-AC884C7AD8A8}"
EndProject
Project("{FAE04EC0-301F-11D3-BF4B-00C04F79EFBC}") = "ShareUsefulness.Infrastructure", "src\ShareUsefulness.Infrastructure\ShareUsefulness.Infrastructure.csproj", "{82645100-870E-4A40-A0E1-3870C19EC905}"
EndProject
Project("{2150E333-8FDC-42A3-9474-1A3956D46DE8}") = "SolutionItems", "SolutionItems", "{BD0736EC-E559-4E11-A564-949AC854D45F}"
	ProjectSection(SolutionItems) = preProject
		.gitignore = .gitignore
		Readme.md = Readme.md
	EndProjectSection
EndProject
Project("{2150E333-8FDC-42A3-9474-1A3956D46DE8}") = "LinksService", "LinksService", "{019280DC-D237-4363-BE7E-3D1FF00914BC}"
EndProject
Project("{FAE04EC0-301F-11D3-BF4B-00C04F79EFBC}") = "ShareUsefulness.Links.Core", "src\LinksService\ShareUsefulness.Links.Core\ShareUsefulness.Links.Core.csproj", "{C522C169-FB5C-4B3B-8681-B58ACFE06DD9}"
EndProject
Project("{FAE04EC0-301F-11D3-BF4B-00C04F79EFBC}") = "ShareUsefulness.Links.Api", "src\LinksService\ShareUsefulness.Links.Api\ShareUsefulness.Links.Api.csproj", "{D94B48C8-1ACC-4D0B-903C-5D6AB5E4DE40}"
EndProject
Project("{FAE04EC0-301F-11D3-BF4B-00C04F79EFBC}") = "ShareUsefulness.Tests", "tests\ShareUsefulness.Tests\ShareUsefulness.Tests.csproj", "{E233EE3A-BE28-4001-BBB3-D7DE7C39B9D6}"
EndProject
Global
	GlobalSection(SolutionConfigurationPlatforms) = preSolution
		Debug|Any CPU = Debug|Any CPU
		Release|Any CPU = Release|Any CPU
	EndGlobalSection
	GlobalSection(ProjectConfigurationPlatforms) = postSolution
		{82645100-870E-4A40-A0E1-3870C19EC905}.Debug|Any CPU.ActiveCfg = Debug|Any CPU
		{82645100-870E-4A40-A0E1-3870C19EC905}.Debug|Any CPU.Build.0 = Debug|Any CPU
		{82645100-870E-4A40-A0E1-3870C19EC905}.Release|Any CPU.ActiveCfg = Release|Any CPU
		{82645100-870E-4A40-A0E1-3870C19EC905}.Release|Any CPU.Build.0 = Release|Any CPU
		{C522C169-FB5C-4B3B-8681-B58ACFE06DD9}.Debug|Any CPU.ActiveCfg = Debug|Any CPU
		{C522C169-FB5C-4B3B-8681-B58ACFE06DD9}.Debug|Any CPU.Build.0 = Debug|Any CPU
		{C522C169-FB5C-4B3B-8681-B58ACFE06DD9}.Release|Any CPU.ActiveCfg = Release|Any CPU
		{C522C169-FB5C-4B3B-8681-B58ACFE06DD9}.Release|Any CPU.Build.0 = Release|Any CPU
		{D94B48C8-1ACC-4D0B-903C-5D6AB5E4DE40}.Debug|Any CPU.ActiveCfg = Debug|Any CPU
		{D94B48C8-1ACC-4D0B-903C-5D6AB5E4DE40}.Debug|Any CPU.Build.0 = Debug|Any CPU
		{D94B48C8-1ACC-4D0B-903C-5D6AB5E4DE40}.Release|Any CPU.ActiveCfg = Release|Any CPU
		{D94B48C8-1ACC-4D0B-903C-5D6AB5E4DE40}.Release|Any CPU.Build.0 = Release|Any CPU
		{E233EE3A-BE28-4001-BBB3-D7DE7C39B9D6}.Debug|Any CPU.ActiveCfg = Debug|Any CPU
		{E233EE3A-BE28-4001-BBB3-D7DE7C39B9D6}.Debug|Any CPU.Build.0 = Debug|Any CPU
		{E233EE3A-BE28-4001-BBB3-D7DE7C39B9D6}.Release|Any CPU.ActiveCfg = Release|Any CPU
		{E233EE3A-BE28-4001-BBB3-D7DE7C39B9D6}.Release|Any CPU.Build.0 = Release|Any CPU
	EndGlobalSection
	GlobalSection(NestedProjects) = preSolution
		{82645100-870E-4A40-A0E1-3870C19EC905} = {D45B3F55-4C08-4707-9A38-0ED90EAC55EE}
		{019280DC-D237-4363-BE7E-3D1FF00914BC} = {D45B3F55-4C08-4707-9A38-0ED90EAC55EE}
		{C522C169-FB5C-4B3B-8681-B58ACFE06DD9} = {019280DC-D237-4363-BE7E-3D1FF00914BC}
		{D94B48C8-1ACC-4D0B-903C-5D6AB5E4DE40} = {019280DC-D237-4363-BE7E-3D1FF00914BC}
		{E233EE3A-BE28-4001-BBB3-D7DE7C39B9D6} = {8096D3B5-5930-4803-BF04-AC884C7AD8A8}
	EndGlobalSection
EndGlobal
