
Microsoft Visual Studio Solution File, Format Version 12.00
# Visual Studio Version 17
VisualStudioVersion = 17.13.35931.197
MinimumVisualStudioVersion = 10.0.40219.1
Project("{FAE04EC0-301F-11D3-BF4B-00C04F79EFBC}") = "ShareLink.Web", "src\ShareLink.Web\ShareLink.Web.csproj", "{9E267EAC-1FBE-47C7-9AAA-9420287B580B}"
EndProject
Project("{2150E333-8FDC-42A3-9474-1A3956D46DE8}") = "src", "src", "{73036BAC-9212-43D8-9867-0C491584840C}"
EndProject
Project("{2150E333-8FDC-42A3-9474-1A3956D46DE8}") = "SolutionItems", "SolutionItems", "{40396CFF-F668-4093-AA31-F0E2F1B9107E}"
	ProjectSection(SolutionItems) = preProject
		docker-compose.deps.local.yaml = docker-compose.deps.local.yaml
		docker-compose.deps.yaml = docker-compose.deps.yaml
		README.md = README.md
	EndProjectSection
EndProject
Project("{FAE04EC0-301F-11D3-BF4B-00C04F79EFBC}") = "ShareLink.Links.Api", "src\ShareLink.Application\ShareLink.Links.Api.csproj", "{BC834EB2-8FFC-473B-BBB4-21A0A9589826}"
EndProject
Project("{FAE04EC0-301F-11D3-BF4B-00C04F79EFBC}") = "ShareLink.Dal", "src\ShareLink.Dal\ShareLink.Dal.csproj", "{AA8838BF-7173-42E7-AFF6-EDFE73F5597D}"
EndProject
Project("{FAE04EC0-301F-11D3-BF4B-00C04F79EFBC}") = "ShareLink.Migrations", "src\ShareLink.Migrations\ShareLink.Migrations.csproj", "{D18D2D8B-2FD6-4663-A58E-CAF963CEDE78}"
EndProject
Project("{FAE04EC0-301F-11D3-BF4B-00C04F79EFBC}") = "ShareLink.Identity.Api", "src\ShareLink.Identity\ShareLink.Identity.Api.csproj", "{6627F3DA-41DF-47AB-B8BD-8FD977B2CFEF}"
EndProject
Project("{FAE04EC0-301F-11D3-BF4B-00C04F79EFBC}") = "ShareLink.Common", "src\ShareLink.Common\ShareLink.Common.csproj", "{40A43D53-DBD1-4110-9862-E021EB3B27D9}"
EndProject
Project("{FAE04EC0-301F-11D3-BF4B-00C04F79EFBC}") = "ShareLink.Infrastructure", "src\ShareLink.Infrastructure\ShareLink.Infrastructure.csproj", "{A5A330D2-7A84-474A-A7FC-73AD059CA5F7}"
EndProject
Global
	GlobalSection(SolutionConfigurationPlatforms) = preSolution
		Debug|Any CPU = Debug|Any CPU
		Release|Any CPU = Release|Any CPU
	EndGlobalSection
	GlobalSection(ProjectConfigurationPlatforms) = postSolution
		{9E267EAC-1FBE-47C7-9AAA-9420287B580B}.Debug|Any CPU.ActiveCfg = Debug|Any CPU
		{9E267EAC-1FBE-47C7-9AAA-9420287B580B}.Debug|Any CPU.Build.0 = Debug|Any CPU
		{9E267EAC-1FBE-47C7-9AAA-9420287B580B}.Release|Any CPU.ActiveCfg = Release|Any CPU
		{9E267EAC-1FBE-47C7-9AAA-9420287B580B}.Release|Any CPU.Build.0 = Release|Any CPU
		{BC834EB2-8FFC-473B-BBB4-21A0A9589826}.Debug|Any CPU.ActiveCfg = Debug|Any CPU
		{BC834EB2-8FFC-473B-BBB4-21A0A9589826}.Debug|Any CPU.Build.0 = Debug|Any CPU
		{BC834EB2-8FFC-473B-BBB4-21A0A9589826}.Release|Any CPU.ActiveCfg = Release|Any CPU
		{BC834EB2-8FFC-473B-BBB4-21A0A9589826}.Release|Any CPU.Build.0 = Release|Any CPU
		{AA8838BF-7173-42E7-AFF6-EDFE73F5597D}.Debug|Any CPU.ActiveCfg = Debug|Any CPU
		{AA8838BF-7173-42E7-AFF6-EDFE73F5597D}.Debug|Any CPU.Build.0 = Debug|Any CPU
		{AA8838BF-7173-42E7-AFF6-EDFE73F5597D}.Release|Any CPU.ActiveCfg = Release|Any CPU
		{AA8838BF-7173-42E7-AFF6-EDFE73F5597D}.Release|Any CPU.Build.0 = Release|Any CPU
		{D18D2D8B-2FD6-4663-A58E-CAF963CEDE78}.Debug|Any CPU.ActiveCfg = Debug|Any CPU
		{D18D2D8B-2FD6-4663-A58E-CAF963CEDE78}.Debug|Any CPU.Build.0 = Debug|Any CPU
		{D18D2D8B-2FD6-4663-A58E-CAF963CEDE78}.Release|Any CPU.ActiveCfg = Release|Any CPU
		{D18D2D8B-2FD6-4663-A58E-CAF963CEDE78}.Release|Any CPU.Build.0 = Release|Any CPU
		{6627F3DA-41DF-47AB-B8BD-8FD977B2CFEF}.Debug|Any CPU.ActiveCfg = Debug|Any CPU
		{6627F3DA-41DF-47AB-B8BD-8FD977B2CFEF}.Debug|Any CPU.Build.0 = Debug|Any CPU
		{6627F3DA-41DF-47AB-B8BD-8FD977B2CFEF}.Release|Any CPU.ActiveCfg = Release|Any CPU
		{6627F3DA-41DF-47AB-B8BD-8FD977B2CFEF}.Release|Any CPU.Build.0 = Release|Any CPU
		{40A43D53-DBD1-4110-9862-E021EB3B27D9}.Debug|Any CPU.ActiveCfg = Debug|Any CPU
		{40A43D53-DBD1-4110-9862-E021EB3B27D9}.Debug|Any CPU.Build.0 = Debug|Any CPU
		{40A43D53-DBD1-4110-9862-E021EB3B27D9}.Release|Any CPU.ActiveCfg = Release|Any CPU
		{40A43D53-DBD1-4110-9862-E021EB3B27D9}.Release|Any CPU.Build.0 = Release|Any CPU
		{A5A330D2-7A84-474A-A7FC-73AD059CA5F7}.Debug|Any CPU.ActiveCfg = Debug|Any CPU
		{A5A330D2-7A84-474A-A7FC-73AD059CA5F7}.Debug|Any CPU.Build.0 = Debug|Any CPU
		{A5A330D2-7A84-474A-A7FC-73AD059CA5F7}.Release|Any CPU.ActiveCfg = Release|Any CPU
		{A5A330D2-7A84-474A-A7FC-73AD059CA5F7}.Release|Any CPU.Build.0 = Release|Any CPU
	EndGlobalSection
	GlobalSection(SolutionProperties) = preSolution
		HideSolutionNode = FALSE
	EndGlobalSection
	GlobalSection(NestedProjects) = preSolution
		{9E267EAC-1FBE-47C7-9AAA-9420287B580B} = {73036BAC-9212-43D8-9867-0C491584840C}
		{BC834EB2-8FFC-473B-BBB4-21A0A9589826} = {73036BAC-9212-43D8-9867-0C491584840C}
		{AA8838BF-7173-42E7-AFF6-EDFE73F5597D} = {73036BAC-9212-43D8-9867-0C491584840C}
		{D18D2D8B-2FD6-4663-A58E-CAF963CEDE78} = {73036BAC-9212-43D8-9867-0C491584840C}
		{6627F3DA-41DF-47AB-B8BD-8FD977B2CFEF} = {73036BAC-9212-43D8-9867-0C491584840C}
		{40A43D53-DBD1-4110-9862-E021EB3B27D9} = {73036BAC-9212-43D8-9867-0C491584840C}
		{A5A330D2-7A84-474A-A7FC-73AD059CA5F7} = {73036BAC-9212-43D8-9867-0C491584840C}
	EndGlobalSection
	GlobalSection(ExtensibilityGlobals) = postSolution
		SolutionGuid = {6E4221F4-161B-4E9D-89F0-A713D44C208F}
	EndGlobalSection
EndGlobal
